
Microsoft Visual Studio Solution File, Format Version 12.00
# Visual Studio Version 17
VisualStudioVersion = 17.5.33530.505
MinimumVisualStudioVersion = 10.0.40219.1
Project("{FAE04EC0-301F-11D3-BF4B-00C04F79EFBC}") = "BANCO", "BANCO\BANCO.csproj", "{C6B9A98B-3A10-4429-82E6-9CE14D65B370}"
EndProject
Global
	GlobalSection(SolutionConfigurationPlatforms) = preSolution
		Debug|Any CPU = Debug|Any CPU
		Release|Any CPU = Release|Any CPU
	EndGlobalSection
	GlobalSection(ProjectConfigurationPlatforms) = postSolution
		{C6B9A98B-3A10-4429-82E6-9CE14D65B370}.Debug|Any CPU.ActiveCfg = Debug|Any CPU
		{C6B9A98B-3A10-4429-82E6-9CE14D65B370}.Debug|Any CPU.Build.0 = Debug|Any CPU
		{C6B9A98B-3A10-4429-82E6-9CE14D65B370}.Release|Any CPU.ActiveCfg = Release|Any CPU
		{C6B9A98B-3A10-4429-82E6-9CE14D65B370}.Release|Any CPU.Build.0 = Release|Any CPU
	EndGlobalSection
	GlobalSection(SolutionProperties) = preSolution
		HideSolutionNode = FALSE
	EndGlobalSection
	GlobalSection(ExtensibilityGlobals) = postSolution
		SolutionGuid = {0487947E-8E58-499C-9638-91DC4D5FF9F6}
	EndGlobalSection
EndGlobal
